
Microsoft Visual Studio Solution File, Format Version 12.00
# Visual Studio 15
VisualStudioVersion = 15.0.26124.0
MinimumVisualStudioVersion = 15.0.26124.0
Project("{FAE04EC0-301F-11D3-BF4B-00C04F79EFBC}") = "ci_sample2", "ci_sample2\ci_sample2.csproj", "{4F47AA4A-D9D9-4108-9FB1-0B402DE74449}"
EndProject
Project("{FAE04EC0-301F-11D3-BF4B-00C04F79EFBC}") = "ci_sample2.Tests", "ci_sample2.Tests\ci_sample2.Tests.csproj", "{A4355A24-1AD4-4CDF-8914-B78515FF3191}"
EndProject
Global
	GlobalSection(SolutionConfigurationPlatforms) = preSolution
		Debug|Any CPU = Debug|Any CPU
		Debug|x64 = Debug|x64
		Debug|x86 = Debug|x86
		Release|Any CPU = Release|Any CPU
		Release|x64 = Release|x64
		Release|x86 = Release|x86
	EndGlobalSection
	GlobalSection(SolutionProperties) = preSolution
		HideSolutionNode = FALSE
	EndGlobalSection
	GlobalSection(ProjectConfigurationPlatforms) = postSolution
		{4F47AA4A-D9D9-4108-9FB1-0B402DE74449}.Debug|Any CPU.ActiveCfg = Debug|Any CPU
		{4F47AA4A-D9D9-4108-9FB1-0B402DE74449}.Debug|Any CPU.Build.0 = Debug|Any CPU
		{4F47AA4A-D9D9-4108-9FB1-0B402DE74449}.Debug|x64.ActiveCfg = Debug|Any CPU
		{4F47AA4A-D9D9-4108-9FB1-0B402DE74449}.Debug|x64.Build.0 = Debug|Any CPU
		{4F47AA4A-D9D9-4108-9FB1-0B402DE74449}.Debug|x86.ActiveCfg = Debug|Any CPU
		{4F47AA4A-D9D9-4108-9FB1-0B402DE74449}.Debug|x86.Build.0 = Debug|Any CPU
		{4F47AA4A-D9D9-4108-9FB1-0B402DE74449}.Release|Any CPU.ActiveCfg = Release|Any CPU
		{4F47AA4A-D9D9-4108-9FB1-0B402DE74449}.Release|Any CPU.Build.0 = Release|Any CPU
		{4F47AA4A-D9D9-4108-9FB1-0B402DE74449}.Release|x64.ActiveCfg = Release|Any CPU
		{4F47AA4A-D9D9-4108-9FB1-0B402DE74449}.Release|x64.Build.0 = Release|Any CPU
		{4F47AA4A-D9D9-4108-9FB1-0B402DE74449}.Release|x86.ActiveCfg = Release|Any CPU
		{4F47AA4A-D9D9-4108-9FB1-0B402DE74449}.Release|x86.Build.0 = Release|Any CPU
		{A4355A24-1AD4-4CDF-8914-B78515FF3191}.Debug|Any CPU.ActiveCfg = Debug|Any CPU
		{A4355A24-1AD4-4CDF-8914-B78515FF3191}.Debug|Any CPU.Build.0 = Debug|Any CPU
		{A4355A24-1AD4-4CDF-8914-B78515FF3191}.Debug|x64.ActiveCfg = Debug|Any CPU
		{A4355A24-1AD4-4CDF-8914-B78515FF3191}.Debug|x64.Build.0 = Debug|Any CPU
		{A4355A24-1AD4-4CDF-8914-B78515FF3191}.Debug|x86.ActiveCfg = Debug|Any CPU
		{A4355A24-1AD4-4CDF-8914-B78515FF3191}.Debug|x86.Build.0 = Debug|Any CPU
		{A4355A24-1AD4-4CDF-8914-B78515FF3191}.Release|Any CPU.ActiveCfg = Release|Any CPU
		{A4355A24-1AD4-4CDF-8914-B78515FF3191}.Release|Any CPU.Build.0 = Release|Any CPU
		{A4355A24-1AD4-4CDF-8914-B78515FF3191}.Release|x64.ActiveCfg = Release|Any CPU
		{A4355A24-1AD4-4CDF-8914-B78515FF3191}.Release|x64.Build.0 = Release|Any CPU
		{A4355A24-1AD4-4CDF-8914-B78515FF3191}.Release|x86.ActiveCfg = Release|Any CPU
		{A4355A24-1AD4-4CDF-8914-B78515FF3191}.Release|x86.Build.0 = Release|Any CPU
	EndGlobalSection
EndGlobal
